
Microsoft Visual Studio Solution File, Format Version 12.00
# Visual Studio Version 17
VisualStudioVersion = 17.0.32126.317
MinimumVisualStudioVersion = 10.0.40219.1
Project("{FAE04EC0-301F-11D3-BF4B-00C04F79EFBC}") = "ToyLand", "ToyLand\ToyLand.csproj", "{F81A81D0-B54D-4A1C-8572-0C7E73FB9650}"
EndProject
Global
	GlobalSection(SolutionConfigurationPlatforms) = preSolution
		Debug|Any CPU = Debug|Any CPU
		Release|Any CPU = Release|Any CPU
	EndGlobalSection
	GlobalSection(ProjectConfigurationPlatforms) = postSolution
		{F81A81D0-B54D-4A1C-8572-0C7E73FB9650}.Debug|Any CPU.ActiveCfg = Debug|Any CPU
		{F81A81D0-B54D-4A1C-8572-0C7E73FB9650}.Debug|Any CPU.Build.0 = Debug|Any CPU
		{F81A81D0-B54D-4A1C-8572-0C7E73FB9650}.Release|Any CPU.ActiveCfg = Release|Any CPU
		{F81A81D0-B54D-4A1C-8572-0C7E73FB9650}.Release|Any CPU.Build.0 = Release|Any CPU
	EndGlobalSection
	GlobalSection(SolutionProperties) = preSolution
		HideSolutionNode = FALSE
	EndGlobalSection
	GlobalSection(ExtensibilityGlobals) = postSolution
		SolutionGuid = {0EE94239-1A49-4E13-9BC0-111DEA73B609}
	EndGlobalSection
EndGlobal
